
Microsoft Visual Studio Solution File, Format Version 12.00
# Visual Studio Version 17
VisualStudioVersion = 17.13.35919.96 d17.13
MinimumVisualStudioVersion = 10.0.40219.1
Project("{FAE04EC0-301F-11D3-BF4B-00C04F79EFBC}") = "WinFormsApp4", "WinFormsApp4\WinFormsApp4.csproj", "{571CAB1C-52FB-4303-B2CA-99F81AA5E086}"
EndProject
Global
	GlobalSection(SolutionConfigurationPlatforms) = preSolution
		Debug|Any CPU = Debug|Any CPU
		Release|Any CPU = Release|Any CPU
	EndGlobalSection
	GlobalSection(ProjectConfigurationPlatforms) = postSolution
		{571CAB1C-52FB-4303-B2CA-99F81AA5E086}.Debug|Any CPU.ActiveCfg = Debug|Any CPU
		{571CAB1C-52FB-4303-B2CA-99F81AA5E086}.Debug|Any CPU.Build.0 = Debug|Any CPU
		{571CAB1C-52FB-4303-B2CA-99F81AA5E086}.Release|Any CPU.ActiveCfg = Release|Any CPU
		{571CAB1C-52FB-4303-B2CA-99F81AA5E086}.Release|Any CPU.Build.0 = Release|Any CPU
	EndGlobalSection
	GlobalSection(SolutionProperties) = preSolution
		HideSolutionNode = FALSE
	EndGlobalSection
	GlobalSection(ExtensibilityGlobals) = postSolution
		SolutionGuid = {FF125DBD-D6FF-4EB6-BDCE-6A6A9AFBC39B}
	EndGlobalSection
EndGlobal
