
Microsoft Visual Studio Solution File, Format Version 12.00
Project("{FAE04EC0-301F-11D3-BF4B-00C04F79EFBC}") = "ConsoleApp1", "ConsoleApp1\ConsoleApp1.csproj", "{19FF0C65-50B6-4DC7-9987-E1AB69C9699E}"
EndProject
Global
	GlobalSection(SolutionConfigurationPlatforms) = preSolution
		Debug|Any CPU = Debug|Any CPU
		Release|Any CPU = Release|Any CPU
	EndGlobalSection
	GlobalSection(ProjectConfigurationPlatforms) = postSolution
		{19FF0C65-50B6-4DC7-9987-E1AB69C9699E}.Debug|Any CPU.ActiveCfg = Debug|Any CPU
		{19FF0C65-50B6-4DC7-9987-E1AB69C9699E}.Debug|Any CPU.Build.0 = Debug|Any CPU
		{19FF0C65-50B6-4DC7-9987-E1AB69C9699E}.Release|Any CPU.ActiveCfg = Release|Any CPU
		{19FF0C65-50B6-4DC7-9987-E1AB69C9699E}.Release|Any CPU.Build.0 = Release|Any CPU
	EndGlobalSection
EndGlobal
