
Microsoft Visual Studio Solution File, Format Version 12.00
Project("{FAE04EC0-301F-11D3-BF4B-00C04F79EFBC}") = "ODEV2", "ODEV2\ODEV2.csproj", "{6ADAA643-938A-4F3F-B01D-24437C4205DC}"
EndProject
Global
	GlobalSection(SolutionConfigurationPlatforms) = preSolution
		Debug|Any CPU = Debug|Any CPU
		Release|Any CPU = Release|Any CPU
	EndGlobalSection
	GlobalSection(ProjectConfigurationPlatforms) = postSolution
		{6ADAA643-938A-4F3F-B01D-24437C4205DC}.Debug|Any CPU.ActiveCfg = Debug|Any CPU
		{6ADAA643-938A-4F3F-B01D-24437C4205DC}.Debug|Any CPU.Build.0 = Debug|Any CPU
		{6ADAA643-938A-4F3F-B01D-24437C4205DC}.Release|Any CPU.ActiveCfg = Release|Any CPU
		{6ADAA643-938A-4F3F-B01D-24437C4205DC}.Release|Any CPU.Build.0 = Release|Any CPU
	EndGlobalSection
EndGlobal
